// !$*UTF8*$!
{
	archiveVersion = 1;
	classes = {
	};
	objectVersion = 46;
	objects = {

/* Begin PBXBuildFile section */
		94124F791B811365004D003F /* ChangeListNameViewController.swift in Sources */ = {isa = PBXBuildFile; fileRef = 94124F781B811365004D003F /* ChangeListNameViewController.swift */; };
		94124F7B1B8116D8004D003F /* AddItemViewController.swift in Sources */ = {isa = PBXBuildFile; fileRef = 94124F7A1B8116D8004D003F /* AddItemViewController.swift */; };
		946CA65A1B805C9100336FFB /* ToDoItem.swift in Sources */ = {isa = PBXBuildFile; fileRef = 946CA6591B805C9100336FFB /* ToDoItem.swift */; };
		946CA65C1B805CB800336FFB /* ToDoList.swift in Sources */ = {isa = PBXBuildFile; fileRef = 946CA65B1B805CB800336FFB /* ToDoList.swift */; };
		94984D691B8291DF00DA3E0B /* EditItemViewController.swift in Sources */ = {isa = PBXBuildFile; fileRef = 94984D681B8291DF00DA3E0B /* EditItemViewController.swift */; };
		949C52D31B82EC9000C66309 /* RCColors.swift in Sources */ = {isa = PBXBuildFile; fileRef = 949C52D21B82EC9000C66309 /* RCColors.swift */; };
		94F38F171B800A740087AEA7 /* AppDelegate.swift in Sources */ = {isa = PBXBuildFile; fileRef = 94F38F161B800A740087AEA7 /* AppDelegate.swift */; };
		94F38F191B800A740087AEA7 /* ViewController.swift in Sources */ = {isa = PBXBuildFile; fileRef = 94F38F181B800A740087AEA7 /* ViewController.swift */; };
		94F38F1C1B800A740087AEA7 /* Main.storyboard in Resources */ = {isa = PBXBuildFile; fileRef = 94F38F1A1B800A740087AEA7 /* Main.storyboard */; };
		94F38F1E1B800A740087AEA7 /* Images.xcassets in Resources */ = {isa = PBXBuildFile; fileRef = 94F38F1D1B800A740087AEA7 /* Images.xcassets */; };
		94F38F211B800A740087AEA7 /* LaunchScreen.xib in Resources */ = {isa = PBXBuildFile; fileRef = 94F38F1F1B800A740087AEA7 /* LaunchScreen.xib */; };
		94F38F2D1B800A740087AEA7 /* SimpleToDoTests.swift in Sources */ = {isa = PBXBuildFile; fileRef = 94F38F2C1B800A740087AEA7 /* SimpleToDoTests.swift */; };
/* End PBXBuildFile section */

/* Begin PBXContainerItemProxy section */
		94F38F271B800A740087AEA7 /* PBXContainerItemProxy */ = {
			isa = PBXContainerItemProxy;
			containerPortal = 94F38F091B800A740087AEA7 /* Project object */;
			proxyType = 1;
			remoteGlobalIDString = 94F38F101B800A740087AEA7;
			remoteInfo = SimpleToDo;
		};
/* End PBXContainerItemProxy section */

/* Begin PBXFileReference section */
		94124F781B811365004D003F /* ChangeListNameViewController.swift */ = {isa = PBXFileReference; fileEncoding = 4; lastKnownFileType = sourcecode.swift; path = ChangeListNameViewController.swift; sourceTree = "<group>"; };
		94124F7A1B8116D8004D003F /* AddItemViewController.swift */ = {isa = PBXFileReference; fileEncoding = 4; lastKnownFileType = sourcecode.swift; path = AddItemViewController.swift; sourceTree = "<group>"; };
		946CA6591B805C9100336FFB /* ToDoItem.swift */ = {isa = PBXFileReference; fileEncoding = 4; lastKnownFileType = sourcecode.swift; path = ToDoItem.swift; sourceTree = "<group>"; };
		946CA65B1B805CB800336FFB /* ToDoList.swift */ = {isa = PBXFileReference; fileEncoding = 4; lastKnownFileType = sourcecode.swift; path = ToDoList.swift; sourceTree = "<group>"; };
		94984D681B8291DF00DA3E0B /* EditItemViewController.swift */ = {isa = PBXFileReference; fileEncoding = 4; lastKnownFileType = sourcecode.swift; path = EditItemViewController.swift; sourceTree = "<group>"; };
		949C52D21B82EC9000C66309 /* RCColors.swift */ = {isa = PBXFileReference; fileEncoding = 4; lastKnownFileType = sourcecode.swift; path = RCColors.swift; sourceTree = "<group>"; };
		94F38F111B800A740087AEA7 /* SimpleToDo.app */ = {isa = PBXFileReference; explicitFileType = wrapper.application; includeInIndex = 0; path = SimpleToDo.app; sourceTree = BUILT_PRODUCTS_DIR; };
		94F38F151B800A740087AEA7 /* Info.plist */ = {isa = PBXFileReference; lastKnownFileType = text.plist.xml; path = Info.plist; sourceTree = "<group>"; };
		94F38F161B800A740087AEA7 /* AppDelegate.swift */ = {isa = PBXFileReference; lastKnownFileType = sourcecode.swift; path = AppDelegate.swift; sourceTree = "<group>"; };
		94F38F181B800A740087AEA7 /* ViewController.swift */ = {isa = PBXFileReference; lastKnownFileType = sourcecode.swift; path = ViewController.swift; sourceTree = "<group>"; };
		94F38F1B1B800A740087AEA7 /* Base */ = {isa = PBXFileReference; lastKnownFileType = file.storyboard; name = Base; path = Base.lproj/Main.storyboard; sourceTree = "<group>"; };
		94F38F1D1B800A740087AEA7 /* Images.xcassets */ = {isa = PBXFileReference; lastKnownFileType = folder.assetcatalog; path = Images.xcassets; sourceTree = "<group>"; };
		94F38F201B800A740087AEA7 /* Base */ = {isa = PBXFileReference; lastKnownFileType = file.xib; name = Base; path = Base.lproj/LaunchScreen.xib; sourceTree = "<group>"; };
		94F38F261B800A740087AEA7 /* SimpleToDoTests.xctest */ = {isa = PBXFileReference; explicitFileType = wrapper.cfbundle; includeInIndex = 0; path = SimpleToDoTests.xctest; sourceTree = BUILT_PRODUCTS_DIR; };
		94F38F2B1B800A740087AEA7 /* Info.plist */ = {isa = PBXFileReference; lastKnownFileType = text.plist.xml; path = Info.plist; sourceTree = "<group>"; };
		94F38F2C1B800A740087AEA7 /* SimpleToDoTests.swift */ = {isa = PBXFileReference; lastKnownFileType = sourcecode.swift; path = SimpleToDoTests.swift; sourceTree = "<group>"; };
/* End PBXFileReference section */

/* Begin PBXFrameworksBuildPhase section */
		94F38F0E1B800A740087AEA7 /* Frameworks */ = {
			isa = PBXFrameworksBuildPhase;
			buildActionMask = 2147483647;
			files = (
			);
			runOnlyForDeploymentPostprocessing = 0;
		};
		94F38F231B800A740087AEA7 /* Frameworks */ = {
			isa = PBXFrameworksBuildPhase;
			buildActionMask = 2147483647;
			files = (
			);
			runOnlyForDeploymentPostprocessing = 0;
		};
/* End PBXFrameworksBuildPhase section */

/* Begin PBXGroup section */
		94F38F081B800A740087AEA7 = {
			isa = PBXGroup;
			children = (
				94F38F131B800A740087AEA7 /* SimpleToDo */,
				94F38F291B800A740087AEA7 /* SimpleToDoTests */,
				94F38F121B800A740087AEA7 /* Products */,
			);
			sourceTree = "<group>";
		};
		94F38F121B800A740087AEA7 /* Products */ = {
			isa = PBXGroup;
			children = (
				94F38F111B800A740087AEA7 /* SimpleToDo.app */,
				94F38F261B800A740087AEA7 /* SimpleToDoTests.xctest */,
			);
			name = Products;
			sourceTree = "<group>";
		};
		94F38F131B800A740087AEA7 /* SimpleToDo */ = {
			isa = PBXGroup;
			children = (
				94F38F1A1B800A740087AEA7 /* Main.storyboard */,
				94F38F161B800A740087AEA7 /* AppDelegate.swift */,
				949C52D21B82EC9000C66309 /* RCColors.swift */,
				946CA65B1B805CB800336FFB /* ToDoList.swift */,
				946CA6591B805C9100336FFB /* ToDoItem.swift */,
				94F38F181B800A740087AEA7 /* ViewController.swift */,
				94124F781B811365004D003F /* ChangeListNameViewController.swift */,
				94124F7A1B8116D8004D003F /* AddItemViewController.swift */,
				94984D681B8291DF00DA3E0B /* EditItemViewController.swift */,
				94F38F1D1B800A740087AEA7 /* Images.xcassets */,
				94F38F1F1B800A740087AEA7 /* LaunchScreen.xib */,
				94F38F141B800A740087AEA7 /* Supporting Files */,
			);
			path = SimpleToDo;
			sourceTree = "<group>";
		};
		94F38F141B800A740087AEA7 /* Supporting Files */ = {
			isa = PBXGroup;
			children = (
				94F38F151B800A740087AEA7 /* Info.plist */,
			);
			name = "Supporting Files";
			sourceTree = "<group>";
		};
		94F38F291B800A740087AEA7 /* SimpleToDoTests */ = {
			isa = PBXGroup;
			children = (
				94F38F2C1B800A740087AEA7 /* SimpleToDoTests.swift */,
				94F38F2A1B800A740087AEA7 /* Supporting Files */,
			);
			path = SimpleToDoTests;
			sourceTree = "<group>";
		};
		94F38F2A1B800A740087AEA7 /* Supporting Files */ = {
			isa = PBXGroup;
			children = (
				94F38F2B1B800A740087AEA7 /* Info.plist */,
			);
			name = "Supporting Files";
			sourceTree = "<group>";
		};
/* End PBXGroup section */

/* Begin PBXNativeTarget section */
		94F38F101B800A740087AEA7 /* SimpleToDo */ = {
			isa = PBXNativeTarget;
			buildConfigurationList = 94F38F301B800A740087AEA7 /* Build configuration list for PBXNativeTarget "SimpleToDo" */;
			buildPhases = (
				94F38F0D1B800A740087AEA7 /* Sources */,
				94F38F0E1B800A740087AEA7 /* Frameworks */,
				94F38F0F1B800A740087AEA7 /* Resources */,
			);
			buildRules = (
			);
			dependencies = (
			);
			name = SimpleToDo;
			productName = SimpleToDo;
			productReference = 94F38F111B800A740087AEA7 /* SimpleToDo.app */;
			productType = "com.apple.product-type.application";
		};
		94F38F251B800A740087AEA7 /* SimpleToDoTests */ = {
			isa = PBXNativeTarget;
			buildConfigurationList = 94F38F331B800A740087AEA7 /* Build configuration list for PBXNativeTarget "SimpleToDoTests" */;
			buildPhases = (
				94F38F221B800A740087AEA7 /* Sources */,
				94F38F231B800A740087AEA7 /* Frameworks */,
				94F38F241B800A740087AEA7 /* Resources */,
			);
			buildRules = (
			);
			dependencies = (
				94F38F281B800A740087AEA7 /* PBXTargetDependency */,
			);
			name = SimpleToDoTests;
			productName = SimpleToDoTests;
			productReference = 94F38F261B800A740087AEA7 /* SimpleToDoTests.xctest */;
			productType = "com.apple.product-type.bundle.unit-test";
		};
/* End PBXNativeTarget section */

/* Begin PBXProject section */
		94F38F091B800A740087AEA7 /* Project object */ = {
			isa = PBXProject;
			attributes = {
				LastUpgradeCheck = 0640;
				ORGANIZATIONNAME = "Ryan Case";
				TargetAttributes = {
					94F38F101B800A740087AEA7 = {
						CreatedOnToolsVersion = 6.4;
					};
					94F38F251B800A740087AEA7 = {
						CreatedOnToolsVersion = 6.4;
						TestTargetID = 94F38F101B800A740087AEA7;
					};
				};
			};
			buildConfigurationList = 94F38F0C1B800A740087AEA7 /* Build configuration list for PBXProject "SimpleToDo" */;
			compatibilityVersion = "Xcode 3.2";
			developmentRegion = English;
			hasScannedForEncodings = 0;
			knownRegions = (
				en,
				Base,
			);
			mainGroup = 94F38F081B800A740087AEA7;
			productRefGroup = 94F38F121B800A740087AEA7 /* Products */;
			projectDirPath = "";
			projectRoot = "";
			targets = (
				94F38F101B800A740087AEA7 /* SimpleToDo */,
				94F38F251B800A740087AEA7 /* SimpleToDoTests */,
			);
		};
/* End PBXProject section */

/* Begin PBXResourcesBuildPhase section */
		94F38F0F1B800A740087AEA7 /* Resources */ = {
			isa = PBXResourcesBuildPhase;
			buildActionMask = 2147483647;
			files = (
				94F38F1C1B800A740087AEA7 /* Main.storyboard in Resources */,
				94F38F211B800A740087AEA7 /* LaunchScreen.xib in Resources */,
				94F38F1E1B800A740087AEA7 /* Images.xcassets in Resources */,
			);
			runOnlyForDeploymentPostprocessing = 0;
		};
		94F38F241B800A740087AEA7 /* Resources */ = {
			isa = PBXResourcesBuildPhase;
			buildActionMask = 2147483647;
			files = (
			);
			runOnlyForDeploymentPostprocessing = 0;
		};
/* End PBXResourcesBuildPhase section */

/* Begin PBXSourcesBuildPhase section */
		94F38F0D1B800A740087AEA7 /* Sources */ = {
			isa = PBXSourcesBuildPhase;
			buildActionMask = 2147483647;
			files = (
				949C52D31B82EC9000C66309 /* RCColors.swift in Sources */,
				94F38F191B800A740087AEA7 /* ViewController.swift in Sources */,
				94984D691B8291DF00DA3E0B /* EditItemViewController.swift in Sources */,
				94F38F171B800A740087AEA7 /* AppDelegate.swift in Sources */,
				946CA65A1B805C9100336FFB /* ToDoItem.swift in Sources */,
				946CA65C1B805CB800336FFB /* ToDoList.swift in Sources */,
				94124F791B811365004D003F /* ChangeListNameViewController.swift in Sources */,
				94124F7B1B8116D8004D003F /* AddItemViewController.swift in Sources */,
			);
			runOnlyForDeploymentPostprocessing = 0;
		};
		94F38F221B800A740087AEA7 /* Sources */ = {
			isa = PBXSourcesBuildPhase;
			buildActionMask = 2147483647;
			files = (
				94F38F2D1B800A740087AEA7 /* SimpleToDoTests.swift in Sources */,
			);
			runOnlyForDeploymentPostprocessing = 0;
		};
/* End PBXSourcesBuildPhase section */

/* Begin PBXTargetDependency section */
		94F38F281B800A740087AEA7 /* PBXTargetDependency */ = {
			isa = PBXTargetDependency;
			target = 94F38F101B800A740087AEA7 /* SimpleToDo */;
			targetProxy = 94F38F271B800A740087AEA7 /* PBXContainerItemProxy */;
		};
/* End PBXTargetDependency section */

/* Begin PBXVariantGroup section */
		94F38F1A1B800A740087AEA7 /* Main.storyboard */ = {
			isa = PBXVariantGroup;
			children = (
				94F38F1B1B800A740087AEA7 /* Base */,
			);
			name = Main.storyboard;
			sourceTree = "<group>";
		};
		94F38F1F1B800A740087AEA7 /* LaunchScreen.xib */ = {
			isa = PBXVariantGroup;
			children = (
				94F38F201B800A740087AEA7 /* Base */,
			);
			name = LaunchScreen.xib;
			sourceTree = "<group>";
		};
/* End PBXVariantGroup section */

/* Begin XCBuildConfiguration section */
		94F38F2E1B800A740087AEA7 /* Debug */ = {
			isa = XCBuildConfiguration;
			buildSettings = {
				ALWAYS_SEARCH_USER_PATHS = NO;
				CLANG_CXX_LANGUAGE_STANDARD = "gnu++0x";
				CLANG_CXX_LIBRARY = "libc++";
				CLANG_ENABLE_MODULES = YES;
				CLANG_ENABLE_OBJC_ARC = YES;
				CLANG_WARN_BOOL_CONVERSION = YES;
				CLANG_WARN_CONSTANT_CONVERSION = YES;
				CLANG_WARN_DIRECT_OBJC_ISA_USAGE = YES_ERROR;
				CLANG_WARN_EMPTY_BODY = YES;
				CLANG_WARN_ENUM_CONVERSION = YES;
				CLANG_WARN_INT_CONVERSION = YES;
				CLANG_WARN_OBJC_ROOT_CLASS = YES_ERROR;
				CLANG_WARN_UNREACHABLE_CODE = YES;
				CLANG_WARN__DUPLICATE_METHOD_MATCH = YES;
				"CODE_SIGN_IDENTITY[sdk=iphoneos*]" = "iPhone Developer";
				COPY_PHASE_STRIP = NO;
				DEBUG_INFORMATION_FORMAT = "dwarf-with-dsym";
				ENABLE_STRICT_OBJC_MSGSEND = YES;
				GCC_C_LANGUAGE_STANDARD = gnu99;
				GCC_DYNAMIC_NO_PIC = NO;
				GCC_NO_COMMON_BLOCKS = YES;
				GCC_OPTIMIZATION_LEVEL = 0;
				GCC_PREPROCESSOR_DEFINITIONS = (
					"DEBUG=1",
					"$(inherited)",
				);
				GCC_SYMBOLS_PRIVATE_EXTERN = NO;
				GCC_WARN_64_TO_32_BIT_CONVERSION = YES;
				GCC_WARN_ABOUT_RETURN_TYPE = YES_ERROR;
				GCC_WARN_UNDECLARED_SELECTOR = YES;
				GCC_WARN_UNINITIALIZED_AUTOS = YES_AGGRESSIVE;
				GCC_WARN_UNUSED_FUNCTION = YES;
				GCC_WARN_UNUSED_VARIABLE = YES;
				IPHONEOS_DEPLOYMENT_TARGET = 8.4;
				MTL_ENABLE_DEBUG_INFO = YES;
				ONLY_ACTIVE_ARCH = YES;
				SDKROOT = iphoneos;
				SWIFT_OPTIMIZATION_LEVEL = "-Onone";
				TARGETED_DEVICE_FAMILY = "1,2";
			};
			name = Debug;
		};
		94F38F2F1B800A740087AEA7 /* Release */ = {
			isa = XCBuildConfiguration;
			buildSettings = {
				ALWAYS_SEARCH_USER_PATHS = NO;
				CLANG_CXX_LANGUAGE_STANDARD = "gnu++0x";
				CLANG_CXX_LIBRARY = "libc++";
				CLANG_ENABLE_MODULES = YES;
				CLANG_ENABLE_OBJC_ARC = YES;
				CLANG_WARN_BOOL_CONVERSION = YES;
				CLANG_WARN_CONSTANT_CONVERSION = YES;
				CLANG_WARN_DIRECT_OBJC_ISA_USAGE = YES_ERROR;
				CLANG_WARN_EMPTY_BODY = YES;
				CLANG_WARN_ENUM_CONVERSION = YES;
				CLANG_WARN_INT_CONVERSION = YES;
				CLANG_WARN_OBJC_ROOT_CLASS = YES_ERROR;
				CLANG_WARN_UNREACHABLE_CODE = YES;
				CLANG_WARN__DUPLICATE_METHOD_MATCH = YES;
				"CODE_SIGN_IDENTITY[sdk=iphoneos*]" = "iPhone Developer";
				COPY_PHASE_STRIP = NO;
				DEBUG_INFORMATION_FORMAT = "dwarf-with-dsym";
				ENABLE_NS_ASSERTIONS = NO;
				ENABLE_STRICT_OBJC_MSGSEND = YES;
				GCC_C_LANGUAGE_STANDARD = gnu99;
				GCC_NO_COMMON_BLOCKS = YES;
				GCC_WARN_64_TO_32_BIT_CONVERSION = YES;
				GCC_WARN_ABOUT_RETURN_TYPE = YES_ERROR;
				GCC_WARN_UNDECLARED_SELECTOR = YES;
				GCC_WARN_UNINITIALIZED_AUTOS = YES_AGGRESSIVE;
				GCC_WARN_UNUSED_FUNCTION = YES;
				GCC_WARN_UNUSED_VARIABLE = YES;
				"HEADER_SEARCH_PATHS[arch=*]" = "$(inherited)";
				IPHONEOS_DEPLOYMENT_TARGET = 8.4;
				MTL_ENABLE_DEBUG_INFO = NO;
				SDKROOT = iphoneos;
				TARGETED_DEVICE_FAMILY = "1,2";
				VALIDATE_PRODUCT = YES;
			};
			name = Release;
		};
		94F38F311B800A740087AEA7 /* Debug */ = {
			isa = XCBuildConfiguration;
			buildSettings = {
				ASSETCATALOG_COMPILER_APPICON_NAME = AppIcon;
				CLANG_ENABLE_MODULES = YES;
				INFOPLIST_FILE = SimpleToDo/Info.plist;
				LD_RUNPATH_SEARCH_PATHS = "$(inherited) @executable_path/Frameworks";
				PRODUCT_NAME = "$(TARGET_NAME)";
				SWIFT_OPTIMIZATION_LEVEL = "-Onone";
			};
			name = Debug;
		};
		94F38F321B800A740087AEA7 /* Release */ = {
			isa = XCBuildConfiguration;
			buildSettings = {
				ASSETCATALOG_COMPILER_APPICON_NAME = AppIcon;
				CLANG_ENABLE_MODULES = YES;
				INFOPLIST_FILE = SimpleToDo/Info.plist;
				LD_RUNPATH_SEARCH_PATHS = "$(inherited) @executable_path/Frameworks";
				PRODUCT_NAME = "$(TARGET_NAME)";
			};
			name = Release;
		};
		94F38F341B800A740087AEA7 /* Debug */ = {
			isa = XCBuildConfiguration;
			buildSettings = {
				BUNDLE_LOADER = "$(TEST_HOST)";
				FRAMEWORK_SEARCH_PATHS = (
					"$(SDKROOT)/Developer/Library/Frameworks",
					"$(inherited)",
				);
				GCC_PREPROCESSOR_DEFINITIONS = (
					"DEBUG=1",
					"$(inherited)",
				);
				INFOPLIST_FILE = SimpleToDoTests/Info.plist;
				LD_RUNPATH_SEARCH_PATHS = "$(inherited) @executable_path/Frameworks @loader_path/Frameworks";
				PRODUCT_NAME = "$(TARGET_NAME)";
				TEST_HOST = "$(BUILT_PRODUCTS_DIR)/SimpleToDo.app/SimpleToDo";
			};
			name = Debug;
		};
		94F38F351B800A740087AEA7 /* Release */ = {
			isa = XCBuildConfiguration;
			buildSettings = {
				BUNDLE_LOADER = "$(TEST_HOST)";
				FRAMEWORK_SEARCH_PATHS = (
					"$(SDKROOT)/Developer/Library/Frameworks",
					"$(inherited)",
				);
				INFOPLIST_FILE = SimpleToDoTests/Info.plist;
				LD_RUNPATH_SEARCH_PATHS = "$(inherited) @executable_path/Frameworks @loader_path/Frameworks";
				PRODUCT_NAME = "$(TARGET_NAME)";
				TEST_HOST = "$(BUILT_PRODUCTS_DIR)/SimpleToDo.app/SimpleToDo";
			};
			name = Release;
		};
/* End XCBuildConfiguration section */

/* Begin XCConfigurationList section */
		94F38F0C1B800A740087AEA7 /* Build configuration list for PBXProject "SimpleToDo" */ = {
			isa = XCConfigurationList;
			buildConfigurations = (
				94F38F2E1B800A740087AEA7 /* Debug */,
				94F38F2F1B800A740087AEA7 /* Release */,
			);
			defaultConfigurationIsVisible = 0;
			defaultConfigurationName = Release;
		};
		94F38F301B800A740087AEA7 /* Build configuration list for PBXNativeTarget "SimpleToDo" */ = {
			isa = XCConfigurationList;
			buildConfigurations = (
				94F38F311B800A740087AEA7 /* Debug */,
				94F38F321B800A740087AEA7 /* Release */,
			);
			defaultConfigurationIsVisible = 0;
			defaultConfigurationName = Release;
		};
		94F38F331B800A740087AEA7 /* Build configuration list for PBXNativeTarget "SimpleToDoTests" */ = {
			isa = XCConfigurationList;
			buildConfigurations = (
				94F38F341B800A740087AEA7 /* Debug */,
				94F38F351B800A740087AEA7 /* Release */,
			);
			defaultConfigurationIsVisible = 0;
			defaultConfigurationName = Release;
		};
/* End XCConfigurationList section */
	};
	rootObject = 94F38F091B800A740087AEA7 /* Project object */;
}
